
Microsoft Visual Studio Solution File, Format Version 12.00
# Visual Studio Version 17
VisualStudioVersion = 17.8.34330.188
MinimumVisualStudioVersion = 10.0.40219.1
Project("{FAE04EC0-301F-11D3-BF4B-00C04F79EFBC}") = "szinezo", "szinezo\szinezo.csproj", "{189312BD-4CA9-4645-A48C-F9ABCA144F1A}"
EndProject
Project("{2150E333-8FDC-42A3-9474-1A3956D46DE8}") = "Entity", "Entity", "{462D7F28-18DA-42E2-BCF6-41DDF987CB95}"
	ProjectSection(SolutionItems) = preProject
		DrawerDb.cs = DrawerDb.cs
	EndProjectSection
EndProject
Global
	GlobalSection(SolutionConfigurationPlatforms) = preSolution
		Debug|Any CPU = Debug|Any CPU
		Release|Any CPU = Release|Any CPU
	EndGlobalSection
	GlobalSection(ProjectConfigurationPlatforms) = postSolution
		{189312BD-4CA9-4645-A48C-F9ABCA144F1A}.Debug|Any CPU.ActiveCfg = Debug|Any CPU
		{189312BD-4CA9-4645-A48C-F9ABCA144F1A}.Debug|Any CPU.Build.0 = Debug|Any CPU
		{189312BD-4CA9-4645-A48C-F9ABCA144F1A}.Release|Any CPU.ActiveCfg = Release|Any CPU
		{189312BD-4CA9-4645-A48C-F9ABCA144F1A}.Release|Any CPU.Build.0 = Release|Any CPU
	EndGlobalSection
	GlobalSection(SolutionProperties) = preSolution
		HideSolutionNode = FALSE
	EndGlobalSection
	GlobalSection(ExtensibilityGlobals) = postSolution
		SolutionGuid = {07CDFC24-C07B-4F17-84C4-D171242F5AEB}
	EndGlobalSection
EndGlobal
